
Microsoft Visual Studio Solution File, Format Version 12.00
# Visual Studio Version 16
VisualStudioVersion = 16.0.29926.136
MinimumVisualStudioVersion = 10.0.40219.1
Project("{FAE04EC0-301F-11D3-BF4B-00C04F79EFBC}") = "StoreDatabaseGUI", "StoreDatabaseGUI.csproj", "{443CDC77-3BFB-4467-8CF3-F62521DE3CD9}"
EndProject
Global
	GlobalSection(SolutionConfigurationPlatforms) = preSolution
		Debug|Any CPU = Debug|Any CPU
		Release|Any CPU = Release|Any CPU
	EndGlobalSection
	GlobalSection(ProjectConfigurationPlatforms) = postSolution
		{443CDC77-3BFB-4467-8CF3-F62521DE3CD9}.Debug|Any CPU.ActiveCfg = Debug|Any CPU
		{443CDC77-3BFB-4467-8CF3-F62521DE3CD9}.Debug|Any CPU.Build.0 = Debug|Any CPU
		{443CDC77-3BFB-4467-8CF3-F62521DE3CD9}.Release|Any CPU.ActiveCfg = Release|Any CPU
		{443CDC77-3BFB-4467-8CF3-F62521DE3CD9}.Release|Any CPU.Build.0 = Release|Any CPU
	EndGlobalSection
	GlobalSection(SolutionProperties) = preSolution
		HideSolutionNode = FALSE
	EndGlobalSection
	GlobalSection(ExtensibilityGlobals) = postSolution
		SolutionGuid = {8D43140C-45DF-492A-BEA1-D8CAAE103C24}
	EndGlobalSection
EndGlobal
